{
  "name": "script",
  "version": "1.0.0",
  "lockfileVersion": 2,
  "requires": true,
  "packages": {
    "": {
      "name": "script",
      "version": "1.0.0",
      "license": "ISC",
      "dependencies": {
        "neatjson": "^0.8.3"
      },
      "devDependencies": {
        "@types/node": "^18.6.4"
      }
    },
    "node_modules/@types/node": {
      "version": "18.6.4",
      "resolved": "https://registry.npmjs.org/@types/node/-/node-18.6.4.tgz",
      "integrity": "sha512-I4BD3L+6AWiUobfxZ49DlU43gtI+FTHSv9pE2Zekg6KjMpre4ByusaljW3vYSLJrvQ1ck1hUaeVu8HVlY3vzHg==",
      "dev": true
    },
    "node_modules/neatjson": {
      "version": "0.8.3",
      "resolved": "https://registry.npmjs.org/neatjson/-/neatjson-0.8.3.tgz",
      "integrity": "sha512-fRmnWoGD8my4Z/Ve4RqJF0AVWIIxWIFtUieT6IQjvLeoAriupszujjFY3u84Z5Bdvn49F/ArT5Gmfg0mKxTsFg=="
    }
  },
  "dependencies": {
    "@types/node": {
      "version": "18.6.4",
      "resolved": "https://registry.npmjs.org/@types/node/-/node-18.6.4.tgz",
      "integrity": "sha512-I4BD3L+6AWiUobfxZ49DlU43gtI+FTHSv9pE2Zekg6KjMpre4ByusaljW3vYSLJrvQ1ck1hUaeVu8HVlY3vzHg==",
      "dev": true
    },
    "neatjson": {
      "version": "0.8.3",
      "resolved": "https://registry.npmjs.org/neatjson/-/neatjson-0.8.3.tgz",
      "integrity": "sha512-fRmnWoGD8my4Z/Ve4RqJF0AVWIIxWIFtUieT6IQjvLeoAriupszujjFY3u84Z5Bdvn49F/ArT5Gmfg0mKxTsFg=="
    }
  }
}
